
Microsoft Visual Studio Solution File, Format Version 12.00
# Visual Studio Version 17
VisualStudioVersion = 17.6.33712.159
MinimumVisualStudioVersion = 10.0.40219.1
Project("{FAE04EC0-301F-11D3-BF4B-00C04F79EFBC}") = "Twinkle_Serpent_Edition", "Twinkle_Serpent_Edition\Twinkle_Serpent_Edition.csproj", "{9B519E08-BAF6-41FC-95DA-39F3BFA0CCEE}"
EndProject
Global
	GlobalSection(SolutionConfigurationPlatforms) = preSolution
		Debug|Any CPU = Debug|Any CPU
		Release|Any CPU = Release|Any CPU
	EndGlobalSection
	GlobalSection(ProjectConfigurationPlatforms) = postSolution
		{9B519E08-BAF6-41FC-95DA-39F3BFA0CCEE}.Debug|Any CPU.ActiveCfg = Debug|Any CPU
		{9B519E08-BAF6-41FC-95DA-39F3BFA0CCEE}.Debug|Any CPU.Build.0 = Debug|Any CPU
		{9B519E08-BAF6-41FC-95DA-39F3BFA0CCEE}.Release|Any CPU.ActiveCfg = Release|Any CPU
		{9B519E08-BAF6-41FC-95DA-39F3BFA0CCEE}.Release|Any CPU.Build.0 = Release|Any CPU
	EndGlobalSection
	GlobalSection(SolutionProperties) = preSolution
		HideSolutionNode = FALSE
	EndGlobalSection
	GlobalSection(ExtensibilityGlobals) = postSolution
		SolutionGuid = {3AD71C7C-AEC2-4A95-BB09-5788FA25814C}
	EndGlobalSection
EndGlobal
